<Solution>
  <Folder Name="/.github/">
    <File Path=".github/copilot-agents.json" />
    <File Path=".github/copilot-instructions.md" />
  </Folder>
  <Folder Name="/.github/assumptions/">
    <File Path=".github/assumptions/05102026-1000AM-Assumptions.md" />
  </Folder>
  <Folder Name="/.github/instructions/">
    <File Path=".github/instructions/codebase-state.instructions.md" />
    <File Path=".github/instructions/database.instructions.md" />
    <File Path=".github/instructions/maui-architecture.instructions.md" />
    <File Path=".github/instructions/platform-xaml.instructions.md" />
    <File Path=".github/instructions/testing.instructions.md" />
  </Folder>
  <Folder Name="/.github/prompts/">
    <File Path=".github/prompts/code-review.prompt.md" />
    <File Path=".github/prompts/commit-message.prompt.md" />
    <File Path=".github/prompts/new-feature.prompt.md" />
  </Folder>
  <Folder Name="/Core/">
    <Project Path="MTM_Waitlist_Application/Core/MTM_Waitlist_Application.Core/MTM_Waitlist_Application.Core.csproj" />
    <Project Path="MTM_Waitlist_Application/Core/MTM_Waitlist_Application.Data/MTM_Waitlist_Application.Data.csproj" />
    <Project Path="MTM_Waitlist_Application/Core/MTM_Waitlist_Application.Services/MTM_Waitlist_Application.Services.csproj" />
  </Folder>
  <Folder Name="/Features/">
    <Project Path="MTM_Waitlist_Application/Features/MTM_Waitlist_Application.Feature.Dashboard/MTM_Waitlist_Application.Feature.Dashboard.csproj" />
    <Project Path="MTM_Waitlist_Application/Features/MTM_Waitlist_Application.Feature.Mobile/MTM_Waitlist_Application.Feature.Mobile.csproj" />
    <Project Path="MTM_Waitlist_Application/Features/MTM_Waitlist_Application.Feature.Waitlist/MTM_Waitlist_Application.Feature.Waitlist.csproj" />
  </Folder>
  <Folder Name="/Hosts/">
    <Project Path="MTM_Waitlist_Application/MTM_Waitlist_Application.Droid/MTM_Waitlist_Application.Droid.csproj">
      <Deploy Solution="Debug|*" />
    </Project>
    <Project Path="MTM_Waitlist_Application/MTM_Waitlist_Application.WinUI/MTM_Waitlist_Application.WinUI.csproj">
      <Platform Project="x86" />
    </Project>
  </Folder>
  <Folder Name="/Shared/">
    <Project Path="MTM_Waitlist_Application/MTM_Waitlist_Application/MTM_Waitlist_Application.csproj" />
  </Folder>
  <Folder Name="/Solution Items/">
    <File Path="AGENTS.md" />
    <File Path="Chat.md" />
    <File Path="README.md" />
  </Folder>
  <Folder Name="/Solution Items/Documents/">
    <File Path="Documents/AndroidStartupWorkflowEdgeCases.md" />
  </Folder>
  <Folder Name="/Solution Items/Documents/ApplicationSetup/">
    <File Path="Documents/ApplicationSetup/MAUI-SETUP.md" />
    <File Path="Documents/ApplicationSetup/UI-DESIGN-DIFFERENCES.md" />
  </Folder>
  <Folder Name="/Solution Items/Documents/features/">
    <File Path="Documents/features/DATABASE-INDEX.md" />
    <File Path="Documents/features/DATABASE-01-API-Server-Admin-Architecture.md" />
    <File Path="Documents/features/DATABASE-02-MySQL-Status-Dashboard.md" />
    <File Path="Documents/features/DATABASE-03-Settings-Management.md" />
    <File Path="Documents/features/DATABASE-04-Backup-and-Restore.md" />
    <File Path="Documents/features/DATABASE-05-Client-Kill-Switch.md" />
    <File Path="Documents/features/DATABASE-06-Intelligent-Migration-System.md" />
    <File Path="Documents/features/FEATURE-INDEX.md" />
    <File Path="Documents/features/FEATURE-01-Authentication-Login.md" />
    <File Path="Documents/features/FEATURE-02-InforVisual-ERP-Integration.md" />
    <File Path="Documents/features/FEATURE-03-Operator-Request-Wizard.md" />
    <File Path="Documents/features/FEATURE-04-Live-Queue-View.md" />
    <File Path="Documents/features/FEATURE-05-Material-Handler-Zone-Task-Management.md" />
    <File Path="Documents/features/FEATURE-06-Lead-Analytics-Dashboard.md" />
    <File Path="Documents/features/FEATURE-07-Setup-Technician-Module.md" />
    <File Path="Documents/features/FEATURE-08-Quality-Control-Queue.md" />
  </Folder>
  <Folder Name="/Solution Items/Documents/RemoteDatabaseAccess/">
    <File Path="Documents/RemoteDatabaseAccess/CLIENT_DATABASE_ARCHITECTURE.md" />
    <File Path="Documents/RemoteDatabaseAccess/IMPLEMENTATION-PLAN.md" />
    <File Path="Documents/RemoteDatabaseAccess/PLAN-SUMMARY.md" />
  </Folder>
  <Folder Name="/Database/">
    <File Path="Database/README.md" />
    <File Path="Database/migrations/V001__Initial_Schema.sql" />
  </Folder>
  <Folder Name="/Database/schema/">
    <File Path="Database/schema/00_Database.sql" />
    <File Path="Database/schema/tables/Auth/RefreshTokens.sql" />
    <File Path="Database/schema/tables/Auth/SharedWorkstations.sql" />
    <File Path="Database/schema/tables/Auth/Users.sql" />
    <File Path="Database/schema/tables/Waitlist/WaitlistEntries.sql" />
  </Folder>
  <Folder Name="/Database/procedures/">
    <File Path="Database/procedures/Auth/usp_Auth_CheckSharedWorkstation.sql" />
    <File Path="Database/procedures/Auth/usp_Auth_GetRefreshToken.sql" />
    <File Path="Database/procedures/Auth/usp_Auth_GetUserByWindowsUsername.sql" />
    <File Path="Database/procedures/Auth/usp_Auth_RecordLogin.sql" />
    <File Path="Database/procedures/Auth/usp_Auth_RevokeAllUserTokens.sql" />
    <File Path="Database/procedures/Auth/usp_Auth_RevokeRefreshToken.sql" />
    <File Path="Database/procedures/Auth/usp_Auth_SaveRefreshToken.sql" />
    <File Path="Database/procedures/Auth/usp_Auth_ValidateCredentials.sql" />
    <File Path="Database/procedures/Waitlist/usp_Waitlist_Delete.sql" />
    <File Path="Database/procedures/Waitlist/usp_Waitlist_GetAll.sql" />
    <File Path="Database/procedures/Waitlist/usp_Waitlist_GetById.sql" />
    <File Path="Database/procedures/Waitlist/usp_Waitlist_Insert.sql" />
    <File Path="Database/procedures/Waitlist/usp_Waitlist_Update.sql" />
  </Folder>
  <Folder Name="/Database/triggers/">
    <File Path="Database/triggers/Auth/trg_SharedWorkstations_BeforeInsert.sql" />
    <File Path="Database/triggers/Auth/trg_SharedWorkstations_BeforeUpdate.sql" />
    <File Path="Database/triggers/Auth/trg_Users_BeforeInsert.sql" />
    <File Path="Database/triggers/Auth/trg_Users_BeforeUpdate.sql" />
    <File Path="Database/triggers/Waitlist/trg_WaitlistEntries_BeforeInsert.sql" />
    <File Path="Database/triggers/Waitlist/trg_WaitlistEntries_BeforeUpdate.sql" />
  </Folder>
  <Folder Name="/Database/indexes/">
    <File Path="Database/indexes/Auth/RefreshTokens_Indexes.sql" />
    <File Path="Database/indexes/Auth/SharedWorkstations_Indexes.sql" />
    <File Path="Database/indexes/Auth/Users_Indexes.sql" />
    <File Path="Database/indexes/Waitlist/WaitlistEntries_Indexes.sql" />
  </Folder>
  <Folder Name="/Database/seed/">
    <File Path="Database/seed/01_Seed_Users.sql" />
    <File Path="Database/seed/02_Seed_WaitlistEntries.sql" />
  </Folder>
  <Folder Name="/Tests/" />
  <Folder Name="/Tests/UI/">
    <Project Path="MTM_Waitlist_Application/Tests/UI/MTM_Waitlist_Application.UITests.Droid/MTM_Waitlist_Application.UITests.Droid.csproj" Id="0110ebe5-0b53-425f-bcb3-2b0741fbc5ec" />
    <Project Path="MTM_Waitlist_Application/Tests/UI/MTM_Waitlist_Application.UITests.WinUI/MTM_Waitlist_Application.UITests.WinUI.csproj" Id="56fa9ccb-a575-4d69-a24f-f1255e80b59e">
      <Platform Project="x64" />
      <Deploy />
    </Project>
  </Folder>
  <Folder Name="/Tests/Unit/">
    <Project Path="MTM_Waitlist_Application/Tests/Unit/MTM_Waitlist_Application.Core.Tests/MTM_Waitlist_Application.Core.Tests.csproj" Id="d33b61ec-1e35-4da0-bf7a-2f4b82a38541" />
    <Project Path="MTM_Waitlist_Application/Tests/Unit/MTM_Waitlist_Application.Data.Tests/MTM_Waitlist_Application.Data.Tests.csproj" Id="8da18949-9293-441c-a931-90d4bbb01f0a">
      <Platform Project="x64" />
    </Project>
    <Project Path="MTM_Waitlist_Application/Tests/Unit/MTM_Waitlist_Application.Feature.Dashboard.Tests/MTM_Waitlist_Application.Feature.Dashboard.Tests.csproj" Id="9a9c3bc9-84ba-4579-8051-dbe72d7d1f2c">
      <Platform Project="x64" />
    </Project>
    <Project Path="MTM_Waitlist_Application/Tests/Unit/MTM_Waitlist_Application.Feature.Waitlist.Tests/MTM_Waitlist_Application.Feature.Waitlist.Tests.csproj" Id="b80e5920-b204-4537-8123-bf40e40bc7ea">
      <Platform Project="x64" />
    </Project>
    <Project Path="MTM_Waitlist_Application/Tests/Unit/MTM_Waitlist_Application.Services.Tests/MTM_Waitlist_Application.Services.Tests.csproj" Id="9a9d55fb-cb0c-4fe4-8517-aeac48de03ff">
      <Platform Project="x64" />
    </Project>
    <Project Path="MTM_Waitlist_Application/Tests/Unit/MTM_Waitlist_Application.Shared.Tests/MTM_Waitlist_Application.Shared.Tests.csproj" Id="2bfb5ee2-894d-4fd8-a21e-ff3f505d1b4c">
      <Platform Project="x64" />
    </Project>
  </Folder>
</Solution>