<Solution>
  <Configurations>
    <Platform Name="ARM64" />
    <Platform Name="x64" />
    <Platform Name="x86" />
  </Configurations>
  <Folder Name="/.github/">
    <File Path=".github/copilot-instructions.md" />
  </Folder>
  <Folder Name="/Core/">
    <Project Path="Core/MTM_Waitlist_Server.Api/MTM_Waitlist_Server.Api.csproj" />
    <Project Path="Core/MTM_Waitlist_Server.Core/MTM_Waitlist_Server.Core.csproj" />
  </Folder>
  <Folder Name="/Database/">
    <File Path="Database/DATABASE-INITIALIZATION-REMEDIATION.md" />
    <File Path="Database/MIGRATION-DETERMINISTIC-VALIDATION-AND-REPAIR-SPEC.md" />
    <File Path="Database/README.md" />
  </Folder>
  <Folder Name="/Database/indexes/" />
  <Folder Name="/Database/indexes/auth/">
    <File Path="Database/indexes/Auth/RefreshTokens_Indexes.sql" />
    <File Path="Database/indexes/Auth/SharedWorkstations_Indexes.sql" />
    <File Path="Database/indexes/Auth/Users_Indexes.sql" />
  </Folder>
  <Folder Name="/Database/indexes/SetupTech/">
    <File Path="Database/indexes/SetupTech/SetupTechDunnageTypeConfig_Indexes.sql" />
    <File Path="Database/indexes/SetupTech/WorkOrderDunnageAssignments_Indexes.sql" />
    <File Path="Database/indexes/SetupTech/WorkOrderSubordinateParts_Indexes.sql" />
    <File Path="Database/indexes/SetupTech/WorkstationActiveJobs_Indexes.sql" />
    <File Path="Database/indexes/SetupTech/WorkstationJobHistory_Indexes.sql" />
  </Folder>
  <Folder Name="/Database/indexes/Waitlist/">
    <File Path="Database/indexes/Waitlist/WaitlistEntries_Indexes.sql" />
  </Folder>
  <Folder Name="/Database/migrations/">
    <File Path="Database/migrations/V001__Initial_Schema.sql" />
    <File Path="Database/migrations/V002__Add_SchemaVersions_Table.sql" />
    <File Path="Database/migrations/V003__SetupTech_Schema.sql" />
    <File Path="Database/migrations/V004__SetupTech_Default_DunnageTypeConfig.sql" />
  </Folder>
  <Folder Name="/Database/procedures/">
    <File Path="AllProcedures.sql" />
  </Folder>
  <Folder Name="/Database/procedures/Auth/">
    <File Path="Database/procedures/Auth/usp_Auth_CheckSharedWorkstation.sql" />
    <File Path="Database/procedures/Auth/usp_Auth_GetRefreshToken.sql" />
    <File Path="Database/procedures/Auth/usp_Auth_GetUserByWindowsUsername.sql" />
    <File Path="Database/procedures/Auth/usp_Auth_RecordLogin.sql" />
    <File Path="Database/procedures/Auth/usp_Auth_RevokeAllUserTokens.sql" />
    <File Path="Database/procedures/Auth/usp_Auth_RevokeRefreshToken.sql" />
    <File Path="Database/procedures/Auth/usp_Auth_SaveRefreshToken.sql" />
    <File Path="Database/procedures/Auth/usp_Auth_ValidateCredentials.sql" />
  </Folder>
  <Folder Name="/Database/procedures/SetupTech/">
    <File Path="Database/procedures/SetupTech/usp_SetupTech_DeleteDunnageAssignment.sql" />
    <File Path="Database/procedures/SetupTech/usp_SetupTech_GetActiveJob.sql" />
    <File Path="Database/procedures/SetupTech/usp_SetupTech_GetDunnageAssignment.sql" />
    <File Path="Database/procedures/SetupTech/usp_SetupTech_GetEnabledDunnageTypes.sql" />
    <File Path="Database/procedures/SetupTech/usp_SetupTech_GetJobHistory.sql" />
    <File Path="Database/procedures/SetupTech/usp_SetupTech_SetActiveJob.sql" />
    <File Path="Database/procedures/SetupTech/usp_SetupTech_UpsertDunnageAssignment.sql" />
    <File Path="Database/procedures/SetupTech/usp_SetupTech_UpsertDunnageTypeConfig.sql" />
    <File Path="Database/procedures/SetupTech/usp_SetupTech_UpsertSubordinateParts.sql" />
  </Folder>
  <Folder Name="/Database/procedures/Waitlist/">
    <File Path="Database/procedures/Waitlist/usp_Waitlist_Delete.sql" />
    <File Path="Database/procedures/Waitlist/usp_Waitlist_GetAll.sql" />
    <File Path="Database/procedures/Waitlist/usp_Waitlist_GetById.sql" />
    <File Path="Database/procedures/Waitlist/usp_Waitlist_Insert.sql" />
    <File Path="Database/procedures/Waitlist/usp_Waitlist_Update.sql" />
  </Folder>
  <Folder Name="/Database/schema/">
    <File Path="Database/schema/00_Database.bat" />
  </Folder>
  <Folder Name="/Database/schema/admin/">
    <File Path="Database/schema/admin/Admin_Users.sql" />
  </Folder>
  <Folder Name="/Database/schema/data/" />
  <Folder Name="/Database/schema/data/System/">
    <File Path="Database/schema/data/System/SchemaVersions_BaselineHistory.sql" />
    <File Path="Database/schema/data/System/SchemaVersions_PreExisting_Bootstrap.sql" />
  </Folder>
  <Folder Name="/Database/schema/tables/" />
  <Folder Name="/Database/schema/tables/Auth/">
    <File Path="Database/schema/tables/Auth/RefreshTokens.sql" />
    <File Path="Database/schema/tables/Auth/SharedWorkstations.sql" />
    <File Path="Database/schema/tables/Auth/Users.sql" />
  </Folder>
  <Folder Name="/Database/schema/tables/SetupTech/">
    <File Path="Database/schema/tables/SetupTech/SetupTechDunnageTypeConfig.sql" />
    <File Path="Database/schema/tables/SetupTech/WorkOrderDunnageAssignments.sql" />
    <File Path="Database/schema/tables/SetupTech/WorkOrderSubordinateParts.sql" />
    <File Path="Database/schema/tables/SetupTech/WorkstationActiveJobs.sql" />
    <File Path="Database/schema/tables/SetupTech/WorkstationJobHistory.sql" />
  </Folder>
  <Folder Name="/Database/schema/tables/System/">
    <File Path="Database/schema/tables/System/SchemaVersions.sql" />
  </Folder>
  <Folder Name="/Database/schema/tables/Waitlist/">
    <File Path="Database/schema/tables/Waitlist/WaitlistEntries.sql" />
  </Folder>
  <Folder Name="/Database/seed/">
    <File Path="Database/seed/00_Seed_DevelopmentData.bat" />
    <File Path="Database/seed/01_Seed_WaitlistEntries.sql" />
    <File Path="Database/seed/02_Seed_SetupTechDunnageTypeConfig.sql" />
  </Folder>
  <Folder Name="/Database/triggers/" />
  <Folder Name="/Database/triggers/Auth/">
    <File Path="Database/triggers/Auth/trg_SharedWorkstations_BeforeInsert.sql" />
    <File Path="Database/triggers/Auth/trg_SharedWorkstations_BeforeUpdate.sql" />
    <File Path="Database/triggers/Auth/trg_Users_BeforeInsert.sql" />
    <File Path="Database/triggers/Auth/trg_Users_BeforeUpdate.sql" />
  </Folder>
  <Folder Name="/Database/triggers/SetupTech/">
    <File Path="Database/triggers/SetupTech/trg_SetupTechDunnageTypeConfig_BeforeInsert.sql" />
    <File Path="Database/triggers/SetupTech/trg_SetupTechDunnageTypeConfig_BeforeUpdate.sql" />
    <File Path="Database/triggers/SetupTech/trg_WorkOrderDunnageAssignments_BeforeInsert.sql" />
    <File Path="Database/triggers/SetupTech/trg_WorkOrderDunnageAssignments_BeforeUpdate.sql" />
    <File Path="Database/triggers/SetupTech/trg_WorkOrderSubordinateParts_BeforeInsert.sql" />
    <File Path="Database/triggers/SetupTech/trg_WorkOrderSubordinateParts_BeforeUpdate.sql" />
    <File Path="Database/triggers/SetupTech/trg_WorkstationActiveJobs_BeforeInsert.sql" />
    <File Path="Database/triggers/SetupTech/trg_WorkstationActiveJobs_BeforeUpdate.sql" />
    <File Path="Database/triggers/SetupTech/trg_WorkstationJobHistory_BeforeInsert.sql" />
    <File Path="Database/triggers/SetupTech/trg_WorkstationJobHistory_BeforeUpdate.sql" />
  </Folder>
  <Folder Name="/Database/triggers/Waitlist/">
    <File Path="Database/triggers/Waitlist/trg_WaitlistEntries_BeforeInsert.sql" />
    <File Path="Database/triggers/Waitlist/trg_WaitlistEntries_BeforeUpdate.sql" />
  </Folder>
  <Folder Name="/Documents/">
    <File Path="Documents/DATABASE-01-API-Server-Admin-Architecture.md" />
    <File Path="Documents/DATABASE-02-MySQL-Status-Dashboard.md" />
    <File Path="Documents/DATABASE-03-Settings-Management.md" />
    <File Path="Documents/DATABASE-04-Backup-and-Restore.md" />
    <File Path="Documents/DATABASE-05-Client-Kill-Switch.md" />
    <File Path="Documents/DATABASE-06-Intelligent-Migration-System.md" />
    <File Path="Documents/DATABASE-07-First-Run-Setup.md" />
    <File Path="Documents/DATABASE-08-Startup-Splash-Flow.md" />
    <File Path="Documents/DATABASE-INDEX.md" />
    <File Path="Documents/SPLASH-01-Research.md" />
    <File Path="Documents/SPLASH-02-Plan.md" />
    <File Path="Documents/SPLASH-03-Tasks.md" />
    <File Path="ServerAppLogs.txt" />
    <File Path="WaitlistLogs.txt" />
  </Folder>
  <Folder Name="/Hosts/">
    <Project Path="Hosts/MTM_Waitlist_Server.Admin/MTM_Waitlist_Server.Admin.csproj">
      <Platform Solution="*|ARM64" Project="ARM64" />
      <Platform Solution="*|x64" Project="x64" />
      <Platform Solution="*|x86" Project="x86" />
      <Deploy />
    </Project>
  </Folder>
  <Folder Name="/Modules/">
    <Project Path="Modules/MTM_Waitlist_Server.Module.Backup/MTM_Waitlist_Server.Module.Backup.csproj" />
    <Project Path="Modules/MTM_Waitlist_Server.Module.ConnectedUsers/MTM_Waitlist_Server.Module.ConnectedUsers.csproj" Id="5752a78f-09cb-4449-8b93-6964f2a4e4ce" />
    <Project Path="Modules/MTM_Waitlist_Server.Module.Dashboard/MTM_Waitlist_Server.Module.Dashboard.csproj" />
    <Project Path="Modules/MTM_Waitlist_Server.Module.KillSwitch/MTM_Waitlist_Server.Module.KillSwitch.csproj" />
    <Project Path="Modules/MTM_Waitlist_Server.Module.Migrations/MTM_Waitlist_Server.Module.Migrations.csproj" />
    <Project Path="Modules/MTM_Waitlist_Server.Module.Settings/MTM_Waitlist_Server.Module.Settings.csproj" />
  </Folder>
  <Folder Name="/Tests/">
    <Project Path="Tests/MTM_Waitlist_Server.Api.Tests/MTM_Waitlist_Server.Api.Tests.csproj" />
    <Project Path="Tests/MTM_Waitlist_Server.Core.Tests/MTM_Waitlist_Server.Core.Tests.csproj" />
    <Project Path="Tests/MTM_Waitlist_Server.Module.Dashboard.Tests/MTM_Waitlist_Server.Module.Dashboard.Tests.csproj" />
    <Project Path="Tests/MTM_Waitlist_Server.Module.KillSwitch.Tests/MTM_Waitlist_Server.Module.KillSwitch.Tests.csproj" Id="a55c7bca-72b3-4415-8fc4-c4c147d84637" />
    <Project Path="Tests/MTM_Waitlist_Server.Module.Migrations.Tests/MTM_Waitlist_Server.Module.Migrations.Tests.csproj" Id="631bfa81-66f6-43b3-a43d-a23b3594504a">
      <Platform Project="x64" />
    </Project>
    <Project Path="Tests/MTM_Waitlist_Server.Module.Settings.Tests/MTM_Waitlist_Server.Module.Settings.Tests.csproj" />
    <Project Path="Tests/MTM_Waitlist_Server.Modules.Backup.Tests/MTM_Waitlist_Server.Module.Backup.Tests.csproj" />
  </Folder>
</Solution>
